
Microsoft Visual Studio Solution File, Format Version 12.00
# Visual Studio Version 17
VisualStudioVersion = 17.6.33829.357
MinimumVisualStudioVersion = 10.0.40219.1
Project("{FAE04EC0-301F-11D3-BF4B-00C04F79EFBC}") = "Assignment_02", "Assignment_02\Assignment_02.csproj", "{8BCDA47F-C70B-4982-9095-B1D6AC50B6FC}"
EndProject
Global
	GlobalSection(SolutionConfigurationPlatforms) = preSolution
		Debug|Any CPU = Debug|Any CPU
		Release|Any CPU = Release|Any CPU
	EndGlobalSection
	GlobalSection(ProjectConfigurationPlatforms) = postSolution
		{8BCDA47F-C70B-4982-9095-B1D6AC50B6FC}.Debug|Any CPU.ActiveCfg = Debug|Any CPU
		{8BCDA47F-C70B-4982-9095-B1D6AC50B6FC}.Debug|Any CPU.Build.0 = Debug|Any CPU
		{8BCDA47F-C70B-4982-9095-B1D6AC50B6FC}.Release|Any CPU.ActiveCfg = Release|Any CPU
		{8BCDA47F-C70B-4982-9095-B1D6AC50B6FC}.Release|Any CPU.Build.0 = Release|Any CPU
	EndGlobalSection
	GlobalSection(SolutionProperties) = preSolution
		HideSolutionNode = FALSE
	EndGlobalSection
	GlobalSection(ExtensibilityGlobals) = postSolution
		SolutionGuid = {E94C089C-31C7-4E96-81F8-BB6D704FB496}
	EndGlobalSection
EndGlobal
